<?xml version="1.0"?>
<CONFIG>
  <ProjectOptions>
    <Version Value="9"/>
    <General>
      <Flags>
        <MainUnitHasCreateFormStatements Value="False"/>
        <MainUnitHasTitleStatement Value="False"/>
      </Flags>
      <MainUnit Value="0"/>
      <ResourceType Value="res"/>
      <UseXPManifest Value="True"/>
      <Icon Value="0"/>
      <ActiveWindowIndexAtStart Value="0"/>
    </General>
    <i18n>
      <EnableI18N LFM="False"/>
    </i18n>
    <VersionInfo>
      <Language Value=""/>
      <CharSet Value=""/>
      <StringTable ProductVersion=""/>
    </VersionInfo>
    <BuildModes Count="1">
      <Item1 Name="default" Default="True"/>
    </BuildModes>
    <PublishOptions>
      <Version Value="2"/>
      <IgnoreBinaries Value="False"/>
      <IncludeFileFilter Value="*.(pas|pp|inc|lfm|lpr|lrs|lpi|lpk|sh|xml)"/>
      <ExcludeFileFilter Value="*.(bak|ppu|ppw|o|so);*~;backup"/>
    </PublishOptions>
    <RunParams>
      <local>
        <FormatVersion Value="1"/>
        <LaunchingApplication PathPlusParams="/usr/bin/xterm -T 'Lazarus Run Output' -e $(LazarusDir)/tools/runwait.sh $(TargetCmdLine)"/>
      </local>
    </RunParams>
    <RequiredPackages Count="3">
      <Item1>
        <PackageName Value="gametoolsetpkg"/>
      </Item1>
      <Item2>
        <PackageName Value="stwcore"/>
      </Item2>
      <Item3>
        <PackageName Value="dglsdk"/>
      </Item3>
    </RequiredPackages>
    <Units Count="80">
      <Unit0>
        <Filename Value="tt3d.lpr"/>
        <IsPartOfProject Value="True"/>
        <UnitName Value="tt3d"/>
        <IsVisibleTab Value="True"/>
        <EditorIndex Value="0"/>
        <WindowIndex Value="0"/>
        <TopLine Value="22"/>
        <CursorPos X="5" Y="53"/>
        <UsageCount Value="201"/>
        <Loaded Value="True"/>
        <LoadedDesigner Value="True"/>
      </Unit0>
      <Unit1>
        <Filename Value="modules/transport/transportgraph.pas"/>
        <IsPartOfProject Value="True"/>
        <UnitName Value="TransportGraph"/>
        <EditorIndex Value="2"/>
        <WindowIndex Value="0"/>
        <TopLine Value="1"/>
        <CursorPos X="48" Y="8"/>
        <UsageCount Value="200"/>
        <Loaded Value="True"/>
      </Unit1>
      <Unit2>
        <Filename Value="modules/geometry/geometry.pas"/>
        <IsPartOfProject Value="True"/>
        <UnitName Value="Geometry"/>
        <WindowIndex Value="0"/>
        <TopLine Value="788"/>
        <CursorPos X="111" Y="97"/>
        <UsageCount Value="200"/>
      </Unit2>
      <Unit3>
        <Filename Value="/usr/share/fpcsrc/rtl/inc/matrix.pp"/>
        <UnitName Value="matrix"/>
        <WindowIndex Value="0"/>
        <TopLine Value="1"/>
        <CursorPos X="18" Y="352"/>
        <UsageCount Value="7"/>
      </Unit3>
      <Unit4>
        <Filename Value="/usr/share/fpcsrc/rtl/inc/mvecimp.inc"/>
        <WindowIndex Value="0"/>
        <TopLine Value="1"/>
        <CursorPos X="5" Y="222"/>
        <UsageCount Value="7"/>
      </Unit4>
      <Unit5>
        <Filename Value="modules/transport/transportgeometry.pas"/>
        <UnitName Value="TransportGeometry"/>
        <WindowIndex Value="0"/>
        <TopLine Value="1"/>
        <CursorPos X="23" Y="22"/>
        <UsageCount Value="56"/>
      </Unit5>
      <Unit6>
        <Filename Value="modules/io/messageloop.pas"/>
        <IsPartOfProject Value="True"/>
        <UnitName Value="MessageLoop"/>
        <WindowIndex Value="0"/>
        <TopLine Value="1"/>
        <CursorPos X="18" Y="29"/>
        <UsageCount Value="201"/>
      </Unit6>
      <Unit7>
        <Filename Value="modules/io/messageloopsdl.pas"/>
        <UnitName Value="MessageLoopSDL"/>
        <WindowIndex Value="0"/>
        <TopLine Value="1"/>
        <CursorPos X="9" Y="32"/>
        <UsageCount Value="7"/>
      </Unit7>
      <Unit8>
        <Filename Value="includes/config.inc"/>
        <IsPartOfProject Value="True"/>
        <WindowIndex Value="0"/>
        <TopLine Value="1"/>
        <CursorPos X="18" Y="1"/>
        <UsageCount Value="201"/>
      </Unit8>
      <Unit9>
        <Filename Value="/usr/share/fpcsrc/packages/fcl-base/src/contnrs.pp"/>
        <UnitName Value="contnrs"/>
        <EditorIndex Value="7"/>
        <WindowIndex Value="0"/>
        <TopLine Value="384"/>
        <CursorPos X="3" Y="410"/>
        <UsageCount Value="11"/>
        <Loaded Value="True"/>
      </Unit9>
      <Unit10>
        <Filename Value="modules/pathfinder/pathfinderrail.pas"/>
        <IsPartOfProject Value="True"/>
        <UnitName Value="PathfinderRail"/>
        <EditorIndex Value="6"/>
        <WindowIndex Value="0"/>
        <TopLine Value="145"/>
        <CursorPos X="57" Y="175"/>
        <UsageCount Value="200"/>
        <Loaded Value="True"/>
      </Unit10>
      <Unit11>
        <Filename Value="modules/pathfinder/pathfinderbase.pas"/>
        <IsPartOfProject Value="True"/>
        <UnitName Value="PathfinderBase"/>
        <WindowIndex Value="0"/>
        <TopLine Value="38"/>
        <CursorPos X="93" Y="44"/>
        <UsageCount Value="200"/>
      </Unit11>
      <Unit12>
        <Filename Value="../something/gfxmanager_opengl2vbo.pas"/>
        <UnitName Value="gfxManager_OpenGL2VBO"/>
        <WindowIndex Value="0"/>
        <TopLine Value="40"/>
        <CursorPos X="44" Y="95"/>
        <UsageCount Value="4"/>
      </Unit12>
      <Unit13>
        <Filename Value="modules/gl/glgeometrymanager.pas"/>
        <UnitName Value="GLGeometryManager"/>
        <WindowIndex Value="0"/>
        <TopLine Value="56"/>
        <CursorPos X="68" Y="39"/>
        <UsageCount Value="8"/>
      </Unit13>
      <Unit14>
        <Filename Value="modules/gl/glgeometrymanagerbase.pas"/>
        <UnitName Value="GLGeometryManagerBase"/>
        <WindowIndex Value="0"/>
        <TopLine Value="1"/>
        <CursorPos X="44" Y="9"/>
        <UsageCount Value="8"/>
      </Unit14>
      <Unit15>
        <Filename Value="modules/gl/glgeometrymanagerimmediate.pas"/>
        <UnitName Value="GLGeometryManagerImmediate"/>
        <WindowIndex Value="0"/>
        <TopLine Value="41"/>
        <CursorPos X="1" Y="1"/>
        <UsageCount Value="8"/>
      </Unit15>
      <Unit16>
        <Filename Value="modules/gl/glgeometrymanagervbo.pas"/>
        <UnitName Value="GLGeometryManagerVBO"/>
        <WindowIndex Value="0"/>
        <TopLine Value="1"/>
        <CursorPos X="1" Y="1"/>
        <UsageCount Value="8"/>
      </Unit16>
      <Unit17>
        <Filename Value="modules/gl/glgeometry.pas"/>
        <IsPartOfProject Value="True"/>
        <UnitName Value="GLGeometry"/>
        <WindowIndex Value="0"/>
        <TopLine Value="373"/>
        <CursorPos X="96" Y="1182"/>
        <UsageCount Value="200"/>
      </Unit17>
      <Unit18>
        <Filename Value="/usr/share/fpcsrc/rtl/objpas/math.pp"/>
        <UnitName Value="math"/>
        <WindowIndex Value="0"/>
        <TopLine Value="697"/>
        <CursorPos X="33" Y="700"/>
        <UsageCount Value="4"/>
      </Unit18>
      <Unit19>
        <Filename Value="modules/io/iosdl.pas"/>
        <UnitName Value="ioSDL"/>
        <WindowIndex Value="0"/>
        <TopLine Value="435"/>
        <CursorPos X="8" Y="435"/>
        <UsageCount Value="24"/>
      </Unit19>
      <Unit20>
        <Filename Value="modules/core/coreuibootstrap.pas"/>
        <IsPartOfProject Value="True"/>
        <UnitName Value="coreUIBootstrap"/>
        <WindowIndex Value="0"/>
        <TopLine Value="127"/>
        <CursorPos X="22" Y="178"/>
        <UsageCount Value="200"/>
      </Unit20>
      <Unit21>
        <Filename Value="modules/io/ioconfig.pas"/>
        <IsPartOfProject Value="True"/>
        <UnitName Value="ioConfig"/>
        <WindowIndex Value="0"/>
        <TopLine Value="1"/>
        <CursorPos X="1" Y="1"/>
        <UsageCount Value="200"/>
      </Unit21>
      <Unit22>
        <Filename Value="../sg/fpc-edition/Main.pas"/>
        <UnitName Value="Main"/>
        <WindowIndex Value="0"/>
        <TopLine Value="192"/>
        <CursorPos X="15" Y="220"/>
        <UsageCount Value="9"/>
      </Unit22>
      <Unit23>
        <Filename Value="../../lcl/x3toolset/packages/gametoolset/gtconfig.pas"/>
        <UnitName Value="GTConfig"/>
        <WindowIndex Value="0"/>
        <TopLine Value="1"/>
        <CursorPos X="40" Y="49"/>
        <UsageCount Value="1"/>
      </Unit23>
      <Unit24>
        <Filename Value="../packages/dglsdk/src/dglOpenGL.pas"/>
        <UnitName Value="dglOpenGL"/>
        <WindowIndex Value="0"/>
        <TopLine Value="7192"/>
        <CursorPos X="9" Y="7220"/>
        <UsageCount Value="9"/>
      </Unit24>
      <Unit25>
        <Filename Value="../../lcl/x3toolset/packages/gametoolset/gtbase.pas"/>
        <UnitName Value="GTBase"/>
        <WindowIndex Value="0"/>
        <TopLine Value="1408"/>
        <CursorPos X="79" Y="1424"/>
        <UsageCount Value="5"/>
      </Unit25>
      <Unit26>
        <Filename Value="../packages/wilson/xml.pas"/>
        <UnitName Value="xml"/>
        <WindowIndex Value="0"/>
        <TopLine Value="109"/>
        <CursorPos X="14" Y="137"/>
        <UsageCount Value="0"/>
      </Unit26>
      <Unit27>
        <Filename Value="../packages/stwcore/stwintmap.pas"/>
        <UnitName Value="stwIntMap"/>
        <WindowIndex Value="0"/>
        <TopLine Value="16"/>
        <CursorPos X="20" Y="34"/>
        <UsageCount Value="10"/>
      </Unit27>
      <Unit28>
        <Filename Value="modules/transport/geometry/transportgeometrygl.pas"/>
        <IsPartOfProject Value="True"/>
        <UnitName Value="TransportGeometryGL"/>
        <EditorIndex Value="4"/>
        <WindowIndex Value="0"/>
        <TopLine Value="359"/>
        <CursorPos X="1" Y="414"/>
        <UsageCount Value="203"/>
      </Unit28>
      <Unit29>
        <Filename Value="../packages/dglsdk/src/geometry.pas"/>
        <UnitName Value="geometry"/>
        <WindowIndex Value="0"/>
        <TopLine Value="330"/>
        <CursorPos X="110" Y="343"/>
        <UsageCount Value="4"/>
      </Unit29>
      <Unit30>
        <Filename Value="/usr/share/fpcsrc/rtl/objpas/fgl.pp"/>
        <UnitName Value="fgl"/>
        <EditorIndex Value="5"/>
        <WindowIndex Value="0"/>
        <TopLine Value="1"/>
        <CursorPos X="20" Y="27"/>
        <UsageCount Value="10"/>
        <Loaded Value="True"/>
      </Unit30>
      <Unit31>
        <Filename Value="modules/ui/uigl.pas"/>
        <IsPartOfProject Value="True"/>
        <UnitName Value="uiGL"/>
        <WindowIndex Value="0"/>
        <TopLine Value="938"/>
        <CursorPos X="84" Y="994"/>
        <UsageCount Value="176"/>
      </Unit31>
      <Unit32>
        <Filename Value="modules/gl/glmaterials.pas"/>
        <IsPartOfProject Value="True"/>
        <UnitName Value="GLMaterials"/>
        <WindowIndex Value="0"/>
        <TopLine Value="1"/>
        <CursorPos X="54" Y="10"/>
        <UsageCount Value="175"/>
      </Unit32>
      <Unit33>
        <Filename Value="modules/geometry/xmlgeometry.pas"/>
        <IsPartOfProject Value="True"/>
        <UnitName Value="XMLGeometry"/>
        <WindowIndex Value="0"/>
        <TopLine Value="21"/>
        <CursorPos X="21" Y="65"/>
        <UsageCount Value="172"/>
      </Unit33>
      <Unit34>
        <Filename Value="../hypercube/main.pas"/>
        <UnitName Value="Main"/>
        <WindowIndex Value="0"/>
        <TopLine Value="121"/>
        <CursorPos X="61" Y="146"/>
        <UsageCount Value="7"/>
      </Unit34>
      <Unit35>
        <Filename Value="modules/core/corescene.pas"/>
        <IsPartOfProject Value="True"/>
        <UnitName Value="coreScene"/>
        <EditorIndex Value="1"/>
        <WindowIndex Value="0"/>
        <TopLine Value="211"/>
        <CursorPos X="66" Y="339"/>
        <ExtraEditorCount Value="1"/>
        <UsageCount Value="153"/>
        <Loaded Value="True"/>
      </Unit35>
      <Unit36>
        <Filename Value="modules/gl/glhelpers.pas"/>
        <IsPartOfProject Value="True"/>
        <UnitName Value="GLHelpers"/>
        <WindowIndex Value="0"/>
        <TopLine Value="1"/>
        <CursorPos X="3" Y="35"/>
        <UsageCount Value="153"/>
      </Unit36>
      <Unit37>
        <Filename Value="modules/ui/uitt3d.pas"/>
        <IsPartOfProject Value="True"/>
        <UnitName Value="uiTT3D"/>
        <WindowIndex Value="0"/>
        <TopLine Value="14"/>
        <CursorPos X="43" Y="14"/>
        <UsageCount Value="152"/>
      </Unit37>
      <Unit38>
        <Filename Value="modules/geometry/geometrycolors.pas"/>
        <IsPartOfProject Value="True"/>
        <UnitName Value="GeometryColors"/>
        <WindowIndex Value="0"/>
        <TopLine Value="19"/>
        <CursorPos X="56" Y="74"/>
        <UsageCount Value="152"/>
      </Unit38>
      <Unit39>
        <Filename Value="../catest/main.pas"/>
        <UnitName Value="Main"/>
        <WindowIndex Value="0"/>
        <TopLine Value="226"/>
        <CursorPos X="1" Y="293"/>
        <UsageCount Value="8"/>
      </Unit39>
      <Unit40>
        <Filename Value="modules/terrain/terraingeometrysimple.pas"/>
        <IsPartOfProject Value="True"/>
        <UnitName Value="TerrainGeometrySimple"/>
        <WindowIndex Value="0"/>
        <TopLine Value="106"/>
        <CursorPos X="94" Y="115"/>
        <UsageCount Value="146"/>
      </Unit40>
      <Unit41>
        <Filename Value="/usr/lib64/lazarus/components/rtticontrols/rttictrls.pas"/>
        <UnitName Value="RTTICtrls"/>
        <WindowIndex Value="0"/>
        <TopLine Value="4051"/>
        <CursorPos X="78" Y="4076"/>
        <UsageCount Value="10"/>
      </Unit41>
      <Unit42>
        <Filename Value="../../lcl/x3toolset/packages/gametoolset/gtpropertyeditor.pas"/>
        <UnitName Value="GTPropertyEditor"/>
        <WindowIndex Value="0"/>
        <TopLine Value="1"/>
        <CursorPos X="25" Y="8"/>
        <UsageCount Value="9"/>
      </Unit42>
      <Unit43>
        <Filename Value="/usr/lib64/lazarus/ideintf/propedits.pp"/>
        <UnitName Value="PropEdits"/>
        <WindowIndex Value="0"/>
        <TopLine Value="1509"/>
        <CursorPos X="90" Y="1540"/>
        <UsageCount Value="10"/>
      </Unit43>
      <Unit44>
        <Filename Value="/usr/share/fpcsrc/rtl/inc/mathh.inc"/>
        <WindowIndex Value="0"/>
        <TopLine Value="40"/>
        <CursorPos X="55" Y="66"/>
        <UsageCount Value="0"/>
      </Unit44>
      <Unit45>
        <Filename Value="modules/gl/glcamera.pas"/>
        <IsPartOfProject Value="True"/>
        <UnitName Value="GLCamera"/>
        <WindowIndex Value="0"/>
        <TopLine Value="675"/>
        <CursorPos X="98" Y="702"/>
        <UsageCount Value="136"/>
      </Unit45>
      <Unit46>
        <Filename Value="modules/geometry/voronoi.pas"/>
        <IsPartOfProject Value="True"/>
        <UnitName Value="Voronoi"/>
        <WindowIndex Value="0"/>
        <TopLine Value="1"/>
        <CursorPos X="61" Y="7"/>
        <UsageCount Value="130"/>
      </Unit46>
      <Unit47>
        <Filename Value="modules/terrain/terraingeometrydynamic.pas"/>
        <IsPartOfProject Value="True"/>
        <UnitName Value="TerrainGeometryDynamic"/>
        <WindowIndex Value="0"/>
        <TopLine Value="1"/>
        <CursorPos X="99" Y="270"/>
        <UsageCount Value="130"/>
      </Unit47>
      <Unit48>
        <Filename Value="modules/terrain/sources/terrainsourceperlinnoise.pas"/>
        <IsPartOfProject Value="True"/>
        <UnitName Value="TerrainSourcePerlinNoise"/>
        <WindowIndex Value="0"/>
        <TopLine Value="73"/>
        <CursorPos X="223" Y="124"/>
        <UsageCount Value="130"/>
      </Unit48>
      <Unit49>
        <Filename Value="../packages/x3toolset/x3toolsetpkg.pas"/>
        <UnitName Value="x3toolsetpkg"/>
        <WindowIndex Value="0"/>
        <TopLine Value="1"/>
        <CursorPos X="1" Y="1"/>
        <UsageCount Value="2"/>
      </Unit49>
      <Unit50>
        <Filename Value="../packages/gametoolset/gtpropertyeditor.pas"/>
        <UnitName Value="GTPropertyEditor"/>
        <WindowIndex Value="0"/>
        <TopLine Value="595"/>
        <CursorPos X="4" Y="636"/>
        <UsageCount Value="10"/>
      </Unit50>
      <Unit51>
        <Filename Value="modules/gl/gloctree.pas"/>
        <IsPartOfProject Value="True"/>
        <UnitName Value="GLOctree"/>
        <WindowIndex Value="0"/>
        <TopLine Value="1"/>
        <CursorPos X="3" Y="11"/>
        <UsageCount Value="106"/>
      </Unit51>
      <Unit52>
        <Filename Value="modules/gl/glfrustum.pas"/>
        <IsPartOfProject Value="True"/>
        <UnitName Value="GLFrustum"/>
        <WindowIndex Value="0"/>
        <TopLine Value="1"/>
        <CursorPos X="46" Y="8"/>
        <UsageCount Value="106"/>
      </Unit52>
      <Unit53>
        <Filename Value="modules/gl/globject.pas"/>
        <IsPartOfProject Value="True"/>
        <UnitName Value="GLObject"/>
        <WindowIndex Value="0"/>
        <TopLine Value="1"/>
        <CursorPos X="68" Y="31"/>
        <UsageCount Value="104"/>
      </Unit53>
      <Unit54>
        <Filename Value="modules/gl/materials/glshadermaterial.pas"/>
        <IsPartOfProject Value="True"/>
        <UnitName Value="GLShaderMaterial"/>
        <WindowIndex Value="0"/>
        <TopLine Value="1"/>
        <CursorPos X="1" Y="48"/>
        <UsageCount Value="95"/>
      </Unit54>
      <Unit55>
        <Filename Value="modules/gl/glshader.pas"/>
        <IsPartOfProject Value="True"/>
        <UnitName Value="GLShader"/>
        <WindowIndex Value="0"/>
        <TopLine Value="47"/>
        <CursorPos X="1" Y="75"/>
        <UsageCount Value="95"/>
      </Unit55>
      <Unit56>
        <Filename Value="../packages/gametoolset/gtvfs.pas"/>
        <UnitName Value="GTVFS"/>
        <WindowIndex Value="0"/>
        <TopLine Value="11"/>
        <CursorPos X="50" Y="21"/>
        <UsageCount Value="18"/>
      </Unit56>
      <Unit57>
        <Filename Value="modules/terrain/terraingeometryshaded.pas"/>
        <IsPartOfProject Value="True"/>
        <UnitName Value="TerrainGeometryShaded"/>
        <WindowIndex Value="0"/>
        <TopLine Value="13"/>
        <CursorPos X="33" Y="13"/>
        <UsageCount Value="79"/>
      </Unit57>
      <Unit58>
        <Filename Value="modules/terrain/terrainsource.pas"/>
        <IsPartOfProject Value="True"/>
        <UnitName Value="TerrainSource"/>
        <WindowIndex Value="0"/>
        <TopLine Value="1"/>
        <CursorPos X="52" Y="22"/>
        <UsageCount Value="79"/>
      </Unit58>
      <Unit59>
        <Filename Value="../../lcl/audorratest/main.pas"/>
        <UnitName Value="Main"/>
        <WindowIndex Value="0"/>
        <TopLine Value="1422"/>
        <CursorPos X="83" Y="1437"/>
        <UsageCount Value="14"/>
      </Unit59>
      <Unit60>
        <Filename Value="../packages/dglsdk/src/glBitmap.pas"/>
        <UnitName Value="glBitmap"/>
        <WindowIndex Value="0"/>
        <TopLine Value="4459"/>
        <CursorPos X="71" Y="4496"/>
        <UsageCount Value="6"/>
      </Unit60>
      <Unit61>
        <Filename Value="/usr/share/fpcsrc/packages/libpng/src/png.pp"/>
        <UnitName Value="png"/>
        <WindowIndex Value="0"/>
        <TopLine Value="586"/>
        <CursorPos X="10" Y="470"/>
        <UsageCount Value="6"/>
      </Unit61>
      <Unit62>
        <Filename Value="../packages/stwcore/stwautobalancedtree.pas"/>
        <UnitName Value="stwAutoBalancedTree"/>
        <WindowIndex Value="0"/>
        <TopLine Value="57"/>
        <CursorPos X="19" Y="66"/>
        <UsageCount Value="5"/>
      </Unit62>
      <Unit63>
        <Filename Value="../packages/stwcore/stwcore.pas"/>
        <UnitName Value="stwcore"/>
        <WindowIndex Value="0"/>
        <TopLine Value="1"/>
        <CursorPos X="20" Y="12"/>
        <UsageCount Value="6"/>
      </Unit63>
      <Unit64>
        <Filename Value="/usr/lib64/lazarus/packager/registration/lazaruspackageintf.pas"/>
        <UnitName Value="LazarusPackageIntf"/>
        <WindowIndex Value="0"/>
        <TopLine Value="1"/>
        <CursorPos X="1" Y="1"/>
        <UsageCount Value="5"/>
      </Unit64>
      <Unit65>
        <Filename Value="../packages/stwcore/stworderedqueue.pas"/>
        <UnitName Value="stwOrderedQueue"/>
        <EditorIndex Value="8"/>
        <WindowIndex Value="0"/>
        <TopLine Value="109"/>
        <CursorPos X="30" Y="42"/>
        <UsageCount Value="14"/>
        <Loaded Value="True"/>
      </Unit65>
      <Unit66>
        <Filename Value="/usr/share/fpcsrc/packages/sdl/src/sdl.pas"/>
        <UnitName Value="sdl"/>
        <WindowIndex Value="0"/>
        <TopLine Value="30"/>
        <CursorPos X="121" Y="70"/>
        <UsageCount Value="10"/>
      </Unit66>
      <Unit67>
        <Filename Value="/usr/lib64/lazarus/ideintf/lazideintf.pas"/>
        <UnitName Value="LazIDEIntf"/>
        <WindowIndex Value="0"/>
        <TopLine Value="256"/>
        <CursorPos X="74" Y="290"/>
        <UsageCount Value="6"/>
      </Unit67>
      <Unit68>
        <Filename Value="modules/terrain/terrainwater.pas"/>
        <IsPartOfProject Value="True"/>
        <UnitName Value="TerrainWater"/>
        <WindowIndex Value="0"/>
        <TopLine Value="90"/>
        <CursorPos X="100" Y="90"/>
        <UsageCount Value="53"/>
      </Unit68>
      <Unit69>
        <Filename Value="modules/io/iolog.pas"/>
        <IsPartOfProject Value="True"/>
        <UnitName Value="ioLog"/>
        <WindowIndex Value="0"/>
        <TopLine Value="373"/>
        <CursorPos X="132" Y="408"/>
        <UsageCount Value="48"/>
      </Unit69>
      <Unit70>
        <Filename Value="modules/gl/oop/glframebuffer.pas"/>
        <IsPartOfProject Value="True"/>
        <UnitName Value="GLFramebuffer"/>
        <WindowIndex Value="0"/>
        <TopLine Value="15"/>
        <CursorPos X="106" Y="43"/>
        <UsageCount Value="47"/>
      </Unit70>
      <Unit71>
        <Filename Value="modules/gl/glbase.pas"/>
        <IsPartOfProject Value="True"/>
        <UnitName Value="GLBase"/>
        <WindowIndex Value="0"/>
        <TopLine Value="1"/>
        <CursorPos X="85" Y="8"/>
        <UsageCount Value="47"/>
      </Unit71>
      <Unit72>
        <Filename Value="../packages/gametoolset/gtbase.pas"/>
        <UnitName Value="GTBase"/>
        <EditorIndex Value="3"/>
        <WindowIndex Value="0"/>
        <TopLine Value="1711"/>
        <CursorPos X="68" Y="25"/>
        <UsageCount Value="10"/>
        <Loaded Value="True"/>
      </Unit72>
      <Unit73>
        <Filename Value="modules/base/dynamicexception.pas"/>
        <IsPartOfProject Value="True"/>
        <UnitName Value="DynamicException"/>
        <WindowIndex Value="0"/>
        <TopLine Value="1"/>
        <CursorPos X="42" Y="11"/>
        <UsageCount Value="43"/>
      </Unit73>
      <Unit74>
        <Filename Value="/usr/share/fpcsrc/rtl/objpas/sysutils/sysutilh.inc"/>
        <WindowIndex Value="0"/>
        <TopLine Value="38"/>
        <CursorPos X="4" Y="66"/>
        <UsageCount Value="9"/>
      </Unit74>
      <Unit75>
        <Filename Value="../packages/x3toolset/x3populator.pas"/>
        <UnitName Value="X3Populator"/>
        <WindowIndex Value="0"/>
        <TopLine Value="118"/>
        <CursorPos X="37" Y="145"/>
        <UsageCount Value="9"/>
      </Unit75>
      <Unit76>
        <Filename Value="../packages/x3toolset/x3jobs.pas"/>
        <UnitName Value="X3Jobs"/>
        <WindowIndex Value="0"/>
        <TopLine Value="379"/>
        <CursorPos X="124" Y="28"/>
        <UsageCount Value="9"/>
      </Unit76>
      <Unit77>
        <Filename Value="../packages/x3toolset/x3data.pas"/>
        <UnitName Value="X3Data"/>
        <WindowIndex Value="0"/>
        <TopLine Value="1"/>
        <CursorPos X="49" Y="12"/>
        <UsageCount Value="9"/>
      </Unit77>
      <Unit78>
        <Filename Value="modules/pathfinder/pathfinder.pas"/>
        <IsPartOfProject Value="True"/>
        <UnitName Value="Pathfinder"/>
        <EditorIndex Value="4"/>
        <WindowIndex Value="0"/>
        <TopLine Value="211"/>
        <CursorPos X="57" Y="235"/>
        <UsageCount Value="27"/>
        <Loaded Value="True"/>
      </Unit78>
      <Unit79>
        <Filename Value="/usr/share/fpcsrc/rtl/objpas/objpas.pp"/>
        <UnitName Value="objpas"/>
        <WindowIndex Value="0"/>
        <TopLine Value="1"/>
        <CursorPos X="24" Y="26"/>
        <UsageCount Value="10"/>
      </Unit79>
    </Units>
    <JumpHistory Count="30" HistoryIndex="29">
      <Position1>
        <Filename Value="modules/pathfinder/pathfinder.pas"/>
        <Caret Line="52" Column="7" TopLine="28"/>
      </Position1>
      <Position2>
        <Filename Value="modules/pathfinder/pathfinder.pas"/>
        <Caret Line="185" Column="25" TopLine="153"/>
      </Position2>
      <Position3>
        <Filename Value="modules/pathfinder/pathfinder.pas"/>
        <Caret Line="152" Column="46" TopLine="112"/>
      </Position3>
      <Position4>
        <Filename Value="modules/pathfinder/pathfinder.pas"/>
        <Caret Line="176" Column="25" TopLine="148"/>
      </Position4>
      <Position5>
        <Filename Value="modules/pathfinder/pathfinder.pas"/>
        <Caret Line="212" Column="36" TopLine="186"/>
      </Position5>
      <Position6>
        <Filename Value="modules/pathfinder/pathfinder.pas"/>
        <Caret Line="53" Column="78" TopLine="25"/>
      </Position6>
      <Position7>
        <Filename Value="modules/pathfinder/pathfinder.pas"/>
        <Caret Line="193" Column="23" TopLine="184"/>
      </Position7>
      <Position8>
        <Filename Value="modules/pathfinder/pathfinder.pas"/>
        <Caret Line="211" Column="36" TopLine="185"/>
      </Position8>
      <Position9>
        <Filename Value="modules/pathfinder/pathfinder.pas"/>
        <Caret Line="56" Column="26" TopLine="29"/>
      </Position9>
      <Position10>
        <Filename Value="modules/pathfinder/pathfinder.pas"/>
        <Caret Line="204" Column="47" TopLine="192"/>
      </Position10>
      <Position11>
        <Filename Value="modules/pathfinder/pathfinder.pas"/>
        <Caret Line="246" Column="37" TopLine="202"/>
      </Position11>
      <Position12>
        <Filename Value="modules/pathfinder/pathfinder.pas"/>
        <Caret Line="211" Column="12" TopLine="185"/>
      </Position12>
      <Position13>
        <Filename Value="tt3d.lpr"/>
        <Caret Line="60" Column="100" TopLine="13"/>
      </Position13>
      <Position14>
        <Filename Value="tt3d.lpr"/>
        <Caret Line="58" Column="44" TopLine="13"/>
      </Position14>
      <Position15>
        <Filename Value="modules/transport/transportgraph.pas"/>
        <Caret Line="183" Column="77" TopLine="163"/>
      </Position15>
      <Position16>
        <Filename Value="modules/transport/transportgraph.pas"/>
        <Caret Line="898" Column="1" TopLine="872"/>
      </Position16>
      <Position17>
        <Filename Value="modules/pathfinder/pathfinder.pas"/>
        <Caret Line="126" Column="75" TopLine="98"/>
      </Position17>
      <Position18>
        <Filename Value="modules/transport/transportgraph.pas"/>
        <Caret Line="102" Column="24" TopLine="95"/>
      </Position18>
      <Position19>
        <Filename Value="modules/transport/transportgraph.pas"/>
        <Caret Line="343" Column="31" TopLine="343"/>
      </Position19>
      <Position20>
        <Filename Value="modules/pathfinder/pathfinder.pas"/>
        <Caret Line="248" Column="28" TopLine="208"/>
      </Position20>
      <Position21>
        <Filename Value="/usr/share/fpcsrc/rtl/objpas/fgl.pp"/>
        <Caret Line="127" Column="25" TopLine="101"/>
      </Position21>
      <Position22>
        <Filename Value="modules/pathfinder/pathfinder.pas"/>
        <Caret Line="242" Column="19" TopLine="208"/>
      </Position22>
      <Position23>
        <Filename Value="/usr/share/fpcsrc/rtl/objpas/fgl.pp"/>
        <Caret Line="687" Column="25" TopLine="685"/>
      </Position23>
      <Position24>
        <Filename Value="/usr/share/fpcsrc/rtl/objpas/fgl.pp"/>
        <Caret Line="385" Column="13" TopLine="382"/>
      </Position24>
      <Position25>
        <Filename Value="/usr/share/fpcsrc/rtl/objpas/fgl.pp"/>
        <Caret Line="462" Column="12" TopLine="453"/>
      </Position25>
      <Position26>
        <Filename Value="/usr/share/fpcsrc/rtl/objpas/fgl.pp"/>
        <Caret Line="342" Column="51" TopLine="340"/>
      </Position26>
      <Position27>
        <Filename Value="/usr/share/fpcsrc/rtl/objpas/fgl.pp"/>
        <Caret Line="27" Column="20" TopLine="1"/>
      </Position27>
      <Position28>
        <Filename Value="tt3d.lpr"/>
        <Caret Line="18" Column="53" TopLine="1"/>
      </Position28>
      <Position29>
        <Filename Value="modules/transport/transportgraph.pas"/>
        <Caret Line="8" Column="48" TopLine="1"/>
      </Position29>
      <Position30>
        <Filename Value="tt3d.lpr"/>
        <Caret Line="48" Column="36" TopLine="22"/>
      </Position30>
    </JumpHistory>
  </ProjectOptions>
  <CompilerOptions>
    <Version Value="9"/>
    <Target>
      <Filename Value="tt3d"/>
    </Target>
    <SearchPaths>
      <IncludeFiles Value="includes"/>
      <OtherUnitFiles Value="modules/transport;modules/geometry;modules/io;modules/pathfinder;modules/gl;modules/core;modules/transport/geometry;modules/ui;modules/terrain;modules/terrain/sources;modules/gl/materials;modules/gl/oop;modules/base"/>
      <UnitOutputDirectory Value="lib/$(TargetCPU)-$(TargetOS)"/>
      <LCLWidgetType Value="gtk2"/>
    </SearchPaths>
    <Parsing>
      <SyntaxOptions>
        <CPPInline Value="False"/>
      </SyntaxOptions>
    </Parsing>
    <CodeGeneration>
      <TargetCPU Value="x86_64"/>
      <TargetOS Value="linux"/>
    </CodeGeneration>
    <Linking>
      <Debugging>
        <UseValgrind Value="True"/>
      </Debugging>
    </Linking>
    <Other>
      <CompilerMessages>
        <UseMsgFile Value="True"/>
      </CompilerMessages>
      <CompilerPath Value="$(CompPath)"/>
    </Other>
  </CompilerOptions>
  <Debugging>
    <Watches Count="1">
      <Item1>
        <Expression Value="TVector4f"/>
        <Enabled Value="False"/>
      </Item1>
    </Watches>
    <Exceptions Count="3">
      <Item1>
        <Name Value="EAbort"/>
      </Item1>
      <Item2>
        <Name Value="ECodetoolError"/>
      </Item2>
      <Item3>
        <Name Value="EFOpenError"/>
      </Item3>
    </Exceptions>
  </Debugging>
</CONFIG>
