<?xml version="1.0"?>
<CONFIG>
  <ProjectOptions>
    <Version Value="9"/>
    <General>
      <Flags>
        <MainUnitHasCreateFormStatements Value="False"/>
        <MainUnitHasTitleStatement Value="False"/>
      </Flags>
      <MainUnit Value="0"/>
      <ResourceType Value="res"/>
      <UseXPManifest Value="True"/>
      <Icon Value="0"/>
      <ActiveWindowIndexAtStart Value="0"/>
    </General>
    <i18n>
      <EnableI18N LFM="False"/>
    </i18n>
    <VersionInfo>
      <Language Value=""/>
      <CharSet Value=""/>
      <StringTable ProductVersion=""/>
    </VersionInfo>
    <BuildModes Count="1">
      <Item1 Name="default" Default="True"/>
    </BuildModes>
    <PublishOptions>
      <Version Value="2"/>
      <IgnoreBinaries Value="False"/>
      <IncludeFileFilter Value="*.(pas|pp|inc|lfm|lpr|lrs|lpi|lpk|sh|xml)"/>
      <ExcludeFileFilter Value="*.(bak|ppu|ppw|o|so);*~;backup"/>
    </PublishOptions>
    <RunParams>
      <local>
        <FormatVersion Value="1"/>
        <LaunchingApplication PathPlusParams="/usr/bin/xterm -T 'Lazarus Run Output' -e $(LazarusDir)/tools/runwait.sh $(TargetCmdLine)"/>
      </local>
    </RunParams>
    <RequiredPackages Count="3">
      <Item1>
        <PackageName Value="gametoolsetpkg"/>
      </Item1>
      <Item2>
        <PackageName Value="stwcore"/>
      </Item2>
      <Item3>
        <PackageName Value="dglsdk"/>
      </Item3>
    </RequiredPackages>
    <Units Count="67">
      <Unit0>
        <Filename Value="tt3d.lpr"/>
        <IsPartOfProject Value="True"/>
        <UnitName Value="tt3d"/>
        <EditorIndex Value="0"/>
        <WindowIndex Value="0"/>
        <TopLine Value="1"/>
        <CursorPos X="36" Y="6"/>
        <UsageCount Value="201"/>
        <Loaded Value="True"/>
        <LoadedDesigner Value="True"/>
      </Unit0>
      <Unit1>
        <Filename Value="modules/transport/transportgraph.pas"/>
        <IsPartOfProject Value="True"/>
        <UnitName Value="TransportGraph"/>
        <EditorIndex Value="1"/>
        <WindowIndex Value="0"/>
        <TopLine Value="791"/>
        <CursorPos X="36" Y="822"/>
        <UsageCount Value="200"/>
      </Unit1>
      <Unit2>
        <Filename Value="modules/geometry/geometry.pas"/>
        <IsPartOfProject Value="True"/>
        <UnitName Value="Geometry"/>
        <WindowIndex Value="0"/>
        <TopLine Value="154"/>
        <CursorPos X="64" Y="165"/>
        <UsageCount Value="200"/>
      </Unit2>
      <Unit3>
        <Filename Value="/usr/share/fpcsrc/rtl/inc/matrix.pp"/>
        <UnitName Value="matrix"/>
        <WindowIndex Value="0"/>
        <TopLine Value="1"/>
        <CursorPos X="18" Y="352"/>
        <UsageCount Value="1"/>
      </Unit3>
      <Unit4>
        <Filename Value="/usr/share/fpcsrc/rtl/inc/mvecimp.inc"/>
        <WindowIndex Value="0"/>
        <TopLine Value="1"/>
        <CursorPos X="5" Y="222"/>
        <UsageCount Value="1"/>
      </Unit4>
      <Unit5>
        <Filename Value="modules/transport/transportgeometry.pas"/>
        <UnitName Value="TransportGeometry"/>
        <WindowIndex Value="0"/>
        <TopLine Value="1"/>
        <CursorPos X="23" Y="22"/>
        <UsageCount Value="60"/>
      </Unit5>
      <Unit6>
        <Filename Value="modules/io/messageloop.pas"/>
        <IsPartOfProject Value="True"/>
        <UnitName Value="MessageLoop"/>
        <WindowIndex Value="0"/>
        <TopLine Value="1"/>
        <CursorPos X="18" Y="29"/>
        <UsageCount Value="201"/>
      </Unit6>
      <Unit7>
        <Filename Value="modules/io/messageloopsdl.pas"/>
        <UnitName Value="MessageLoopSDL"/>
        <WindowIndex Value="0"/>
        <TopLine Value="1"/>
        <CursorPos X="9" Y="32"/>
        <UsageCount Value="1"/>
      </Unit7>
      <Unit8>
        <Filename Value="includes/config.inc"/>
        <IsPartOfProject Value="True"/>
        <WindowIndex Value="0"/>
        <TopLine Value="1"/>
        <CursorPos X="18" Y="1"/>
        <UsageCount Value="201"/>
      </Unit8>
      <Unit9>
        <Filename Value="/usr/share/fpcsrc/packages/fcl-base/src/contnrs.pp"/>
        <UnitName Value="contnrs"/>
        <WindowIndex Value="0"/>
        <TopLine Value="556"/>
        <CursorPos X="21" Y="589"/>
        <UsageCount Value="4"/>
      </Unit9>
      <Unit10>
        <Filename Value="modules/pathfinder/pathfinderrail.pas"/>
        <IsPartOfProject Value="True"/>
        <UnitName Value="PathfinderRail"/>
        <WindowIndex Value="0"/>
        <TopLine Value="1"/>
        <CursorPos X="14" Y="43"/>
        <UsageCount Value="200"/>
      </Unit10>
      <Unit11>
        <Filename Value="modules/pathfinder/pathfinderbase.pas"/>
        <IsPartOfProject Value="True"/>
        <UnitName Value="PathfinderBase"/>
        <WindowIndex Value="0"/>
        <TopLine Value="34"/>
        <CursorPos X="12" Y="68"/>
        <UsageCount Value="200"/>
      </Unit11>
      <Unit12>
        <Filename Value="../something/gfxmanager_opengl2vbo.pas"/>
        <UnitName Value="gfxManager_OpenGL2VBO"/>
        <WindowIndex Value="0"/>
        <TopLine Value="40"/>
        <CursorPos X="44" Y="95"/>
        <UsageCount Value="8"/>
      </Unit12>
      <Unit13>
        <Filename Value="modules/gl/glgeometrymanager.pas"/>
        <UnitName Value="GLGeometryManager"/>
        <WindowIndex Value="0"/>
        <TopLine Value="56"/>
        <CursorPos X="68" Y="39"/>
        <UsageCount Value="2"/>
      </Unit13>
      <Unit14>
        <Filename Value="modules/gl/glgeometrymanagerbase.pas"/>
        <UnitName Value="GLGeometryManagerBase"/>
        <WindowIndex Value="0"/>
        <TopLine Value="1"/>
        <CursorPos X="44" Y="9"/>
        <UsageCount Value="2"/>
      </Unit14>
      <Unit15>
        <Filename Value="modules/gl/glgeometrymanagerimmediate.pas"/>
        <UnitName Value="GLGeometryManagerImmediate"/>
        <WindowIndex Value="0"/>
        <TopLine Value="41"/>
        <CursorPos X="1" Y="1"/>
        <UsageCount Value="2"/>
      </Unit15>
      <Unit16>
        <Filename Value="modules/gl/glgeometrymanagervbo.pas"/>
        <UnitName Value="GLGeometryManagerVBO"/>
        <WindowIndex Value="0"/>
        <TopLine Value="1"/>
        <CursorPos X="1" Y="1"/>
        <UsageCount Value="2"/>
      </Unit16>
      <Unit17>
        <Filename Value="modules/gl/glgeometry.pas"/>
        <IsPartOfProject Value="True"/>
        <UnitName Value="GLGeometry"/>
        <EditorIndex Value="9"/>
        <WindowIndex Value="0"/>
        <TopLine Value="329"/>
        <CursorPos X="94" Y="359"/>
        <UsageCount Value="200"/>
        <Loaded Value="True"/>
      </Unit17>
      <Unit18>
        <Filename Value="/usr/share/fpcsrc/rtl/objpas/math.pp"/>
        <UnitName Value="math"/>
        <WindowIndex Value="0"/>
        <TopLine Value="697"/>
        <CursorPos X="33" Y="700"/>
        <UsageCount Value="8"/>
      </Unit18>
      <Unit19>
        <Filename Value="modules/io/iosdl.pas"/>
        <UnitName Value="ioSDL"/>
        <EditorIndex Value="7"/>
        <WindowIndex Value="0"/>
        <TopLine Value="392"/>
        <CursorPos X="93" Y="419"/>
        <UsageCount Value="23"/>
        <Loaded Value="True"/>
      </Unit19>
      <Unit20>
        <Filename Value="modules/core/coreuibootstrap.pas"/>
        <IsPartOfProject Value="True"/>
        <UnitName Value="coreUIBootstrap"/>
        <EditorIndex Value="6"/>
        <WindowIndex Value="0"/>
        <TopLine Value="140"/>
        <CursorPos X="94" Y="143"/>
        <UsageCount Value="186"/>
        <Loaded Value="True"/>
      </Unit20>
      <Unit21>
        <Filename Value="modules/io/ioconfig.pas"/>
        <IsPartOfProject Value="True"/>
        <UnitName Value="ioConfig"/>
        <WindowIndex Value="0"/>
        <TopLine Value="1"/>
        <CursorPos X="42" Y="21"/>
        <UsageCount Value="183"/>
        <Loaded Value="True"/>
        <LoadedDesigner Value="True"/>
      </Unit21>
      <Unit22>
        <Filename Value="../sg/fpc-edition/Main.pas"/>
        <UnitName Value="Main"/>
        <WindowIndex Value="0"/>
        <TopLine Value="671"/>
        <CursorPos X="41" Y="685"/>
        <UsageCount Value="1"/>
      </Unit22>
      <Unit23>
        <Filename Value="../../lcl/x3toolset/packages/gametoolset/gtconfig.pas"/>
        <UnitName Value="GTConfig"/>
        <WindowIndex Value="0"/>
        <TopLine Value="1"/>
        <CursorPos X="40" Y="49"/>
        <UsageCount Value="5"/>
      </Unit23>
      <Unit24>
        <Filename Value="../packages/dglsdk/src/dglOpenGL.pas"/>
        <UnitName Value="dglOpenGL"/>
        <WindowIndex Value="0"/>
        <TopLine Value="7192"/>
        <CursorPos X="9" Y="7220"/>
        <UsageCount Value="13"/>
      </Unit24>
      <Unit25>
        <Filename Value="../../lcl/x3toolset/packages/gametoolset/gtbase.pas"/>
        <UnitName Value="GTBase"/>
        <WindowIndex Value="0"/>
        <TopLine Value="1408"/>
        <CursorPos X="79" Y="1424"/>
        <UsageCount Value="9"/>
      </Unit25>
      <Unit26>
        <Filename Value="../packages/wilson/xml.pas"/>
        <UnitName Value="xml"/>
        <WindowIndex Value="0"/>
        <TopLine Value="109"/>
        <CursorPos X="14" Y="137"/>
        <UsageCount Value="4"/>
      </Unit26>
      <Unit27>
        <Filename Value="../packages/stwcore/stwintmap.pas"/>
        <UnitName Value="stwIntMap"/>
        <WindowIndex Value="0"/>
        <TopLine Value="16"/>
        <CursorPos X="20" Y="34"/>
        <UsageCount Value="14"/>
      </Unit27>
      <Unit28>
        <Filename Value="modules/transport/geometry/transportgeometrygl.pas"/>
        <IsPartOfProject Value="True"/>
        <UnitName Value="TransportGeometryGL"/>
        <EditorIndex Value="4"/>
        <WindowIndex Value="0"/>
        <TopLine Value="359"/>
        <CursorPos X="1" Y="414"/>
        <UsageCount Value="170"/>
      </Unit28>
      <Unit29>
        <Filename Value="../packages/dglsdk/src/geometry.pas"/>
        <UnitName Value="geometry"/>
        <WindowIndex Value="0"/>
        <TopLine Value="330"/>
        <CursorPos X="110" Y="343"/>
        <UsageCount Value="8"/>
      </Unit29>
      <Unit30>
        <Filename Value="/usr/share/fpcsrc/rtl/objpas/fgl.pp"/>
        <UnitName Value="fgl"/>
        <WindowIndex Value="0"/>
        <TopLine Value="30"/>
        <CursorPos X="14" Y="103"/>
        <UsageCount Value="9"/>
      </Unit30>
      <Unit31>
        <Filename Value="modules/ui/uigl.pas"/>
        <IsPartOfProject Value="True"/>
        <UnitName Value="uiGL"/>
        <EditorIndex Value="2"/>
        <WindowIndex Value="0"/>
        <TopLine Value="874"/>
        <CursorPos X="1" Y="903"/>
        <UsageCount Value="141"/>
        <Loaded Value="True"/>
      </Unit31>
      <Unit32>
        <Filename Value="modules/gl/glmaterials.pas"/>
        <IsPartOfProject Value="True"/>
        <UnitName Value="GLMaterials"/>
        <WindowIndex Value="0"/>
        <TopLine Value="1"/>
        <CursorPos X="54" Y="10"/>
        <UsageCount Value="140"/>
      </Unit32>
      <Unit33>
        <Filename Value="modules/geometry/xmlgeometry.pas"/>
        <IsPartOfProject Value="True"/>
        <UnitName Value="XMLGeometry"/>
        <WindowIndex Value="0"/>
        <TopLine Value="21"/>
        <CursorPos X="21" Y="65"/>
        <UsageCount Value="137"/>
      </Unit33>
      <Unit34>
        <Filename Value="../hypercube/main.pas"/>
        <UnitName Value="Main"/>
        <WindowIndex Value="0"/>
        <TopLine Value="121"/>
        <CursorPos X="61" Y="146"/>
        <UsageCount Value="1"/>
      </Unit34>
      <Unit35>
        <Filename Value="modules/core/corescene.pas"/>
        <IsPartOfProject Value="True"/>
        <UnitName Value="coreScene"/>
        <EditorIndex Value="1"/>
        <WindowIndex Value="0"/>
        <TopLine Value="264"/>
        <CursorPos X="42" Y="287"/>
        <UsageCount Value="118"/>
        <Loaded Value="True"/>
      </Unit35>
      <Unit36>
        <Filename Value="modules/gl/glhelpers.pas"/>
        <IsPartOfProject Value="True"/>
        <UnitName Value="GLHelpers"/>
        <WindowIndex Value="0"/>
        <TopLine Value="1"/>
        <CursorPos X="3" Y="35"/>
        <UsageCount Value="118"/>
      </Unit36>
      <Unit37>
        <Filename Value="modules/ui/uitt3d.pas"/>
        <IsPartOfProject Value="True"/>
        <UnitName Value="uiTT3D"/>
        <WindowIndex Value="0"/>
        <TopLine Value="14"/>
        <CursorPos X="43" Y="14"/>
        <UsageCount Value="117"/>
      </Unit37>
      <Unit38>
        <Filename Value="modules/geometry/geometrycolors.pas"/>
        <IsPartOfProject Value="True"/>
        <UnitName Value="GeometryColors"/>
        <WindowIndex Value="0"/>
        <TopLine Value="19"/>
        <CursorPos X="56" Y="74"/>
        <UsageCount Value="117"/>
      </Unit38>
      <Unit39>
        <Filename Value="../catest/main.pas"/>
        <UnitName Value="Main"/>
        <WindowIndex Value="0"/>
        <TopLine Value="226"/>
        <CursorPos X="1" Y="293"/>
        <UsageCount Value="2"/>
      </Unit39>
      <Unit40>
        <Filename Value="modules/terrain/terraingeometrysimple.pas"/>
        <IsPartOfProject Value="True"/>
        <UnitName Value="TerrainGeometrySimple"/>
        <WindowIndex Value="0"/>
        <TopLine Value="106"/>
        <CursorPos X="94" Y="115"/>
        <UsageCount Value="111"/>
      </Unit40>
      <Unit41>
        <Filename Value="/usr/lib64/lazarus/components/rtticontrols/rttictrls.pas"/>
        <UnitName Value="RTTICtrls"/>
        <WindowIndex Value="0"/>
        <TopLine Value="49"/>
        <CursorPos X="76" Y="73"/>
        <UsageCount Value="4"/>
      </Unit41>
      <Unit42>
        <Filename Value="../../lcl/x3toolset/packages/gametoolset/gtpropertyeditor.pas"/>
        <UnitName Value="GTPropertyEditor"/>
        <WindowIndex Value="0"/>
        <TopLine Value="1"/>
        <CursorPos X="25" Y="8"/>
        <UsageCount Value="3"/>
      </Unit42>
      <Unit43>
        <Filename Value="/usr/lib64/lazarus/ideintf/propedits.pp"/>
        <UnitName Value="PropEdits"/>
        <WindowIndex Value="0"/>
        <TopLine Value="1521"/>
        <CursorPos X="95" Y="1532"/>
        <UsageCount Value="8"/>
      </Unit43>
      <Unit44>
        <Filename Value="/usr/share/fpcsrc/rtl/inc/mathh.inc"/>
        <WindowIndex Value="0"/>
        <TopLine Value="40"/>
        <CursorPos X="55" Y="66"/>
        <UsageCount Value="4"/>
      </Unit44>
      <Unit45>
        <Filename Value="modules/gl/glcamera.pas"/>
        <IsPartOfProject Value="True"/>
        <UnitName Value="GLCamera"/>
        <EditorIndex Value="3"/>
        <WindowIndex Value="0"/>
        <TopLine Value="215"/>
        <CursorPos X="53" Y="467"/>
        <UsageCount Value="101"/>
        <Loaded Value="True"/>
      </Unit45>
      <Unit46>
        <Filename Value="modules/geometry/voronoi.pas"/>
        <IsPartOfProject Value="True"/>
        <UnitName Value="Voronoi"/>
        <WindowIndex Value="0"/>
        <TopLine Value="1"/>
        <CursorPos X="61" Y="7"/>
        <UsageCount Value="95"/>
      </Unit46>
      <Unit47>
        <Filename Value="modules/terrain/terraingeometrydynamic.pas"/>
        <IsPartOfProject Value="True"/>
        <UnitName Value="TerrainGeometryDynamic"/>
        <WindowIndex Value="0"/>
        <TopLine Value="1"/>
        <CursorPos X="99" Y="270"/>
        <UsageCount Value="95"/>
      </Unit47>
      <Unit48>
        <Filename Value="modules/terrain/sources/terrainsourceperlinnoise.pas"/>
        <IsPartOfProject Value="True"/>
        <UnitName Value="TerrainSourcePerlinNoise"/>
        <EditorIndex Value="10"/>
        <WindowIndex Value="0"/>
        <TopLine Value="88"/>
        <CursorPos X="114" Y="159"/>
        <UsageCount Value="95"/>
        <Loaded Value="True"/>
      </Unit48>
      <Unit49>
        <Filename Value="../packages/x3toolset/x3toolsetpkg.pas"/>
        <UnitName Value="x3toolsetpkg"/>
        <WindowIndex Value="0"/>
        <TopLine Value="1"/>
        <CursorPos X="1" Y="1"/>
        <UsageCount Value="6"/>
      </Unit49>
      <Unit50>
        <Filename Value="../packages/gametoolset/gtpropertyeditor.pas"/>
        <UnitName Value="GTPropertyEditor"/>
        <WindowIndex Value="0"/>
        <TopLine Value="590"/>
        <CursorPos X="82" Y="610"/>
        <UsageCount Value="8"/>
      </Unit50>
      <Unit51>
        <Filename Value="modules/gl/gloctree.pas"/>
        <IsPartOfProject Value="True"/>
        <UnitName Value="GLOctree"/>
        <WindowIndex Value="0"/>
        <TopLine Value="1"/>
        <CursorPos X="3" Y="11"/>
        <UsageCount Value="71"/>
      </Unit51>
      <Unit52>
        <Filename Value="modules/gl/glfrustum.pas"/>
        <IsPartOfProject Value="True"/>
        <UnitName Value="GLFrustum"/>
        <WindowIndex Value="0"/>
        <TopLine Value="1"/>
        <CursorPos X="46" Y="8"/>
        <UsageCount Value="71"/>
      </Unit52>
      <Unit53>
        <Filename Value="modules/gl/globject.pas"/>
        <IsPartOfProject Value="True"/>
        <UnitName Value="GLObject"/>
        <WindowIndex Value="0"/>
        <TopLine Value="1"/>
        <CursorPos X="68" Y="31"/>
        <UsageCount Value="69"/>
      </Unit53>
      <Unit54>
        <Filename Value="modules/gl/materials/glshadermaterial.pas"/>
        <IsPartOfProject Value="True"/>
        <UnitName Value="GLShaderMaterial"/>
        <WindowIndex Value="0"/>
        <TopLine Value="1"/>
        <CursorPos X="1" Y="48"/>
        <UsageCount Value="60"/>
      </Unit54>
      <Unit55>
        <Filename Value="modules/gl/glshader.pas"/>
        <IsPartOfProject Value="True"/>
        <UnitName Value="GLShader"/>
        <WindowIndex Value="0"/>
        <TopLine Value="46"/>
        <CursorPos X="1" Y="73"/>
        <UsageCount Value="60"/>
      </Unit55>
      <Unit56>
        <Filename Value="../packages/gametoolset/gtvfs.pas"/>
        <UnitName Value="GTVFS"/>
        <EditorIndex Value="5"/>
        <WindowIndex Value="0"/>
        <TopLine Value="11"/>
        <CursorPos X="50" Y="21"/>
        <UsageCount Value="21"/>
        <Loaded Value="True"/>
      </Unit56>
      <Unit57>
        <Filename Value="modules/terrain/terraingeometryshaded.pas"/>
        <IsPartOfProject Value="True"/>
        <UnitName Value="TerrainGeometryShaded"/>
        <IsVisibleTab Value="True"/>
        <EditorIndex Value="8"/>
        <WindowIndex Value="0"/>
        <TopLine Value="185"/>
        <CursorPos X="98" Y="216"/>
        <UsageCount Value="44"/>
        <Loaded Value="True"/>
      </Unit57>
      <Unit58>
        <Filename Value="modules/terrain/terrainsource.pas"/>
        <IsPartOfProject Value="True"/>
        <UnitName Value="TerrainSource"/>
        <WindowIndex Value="0"/>
        <TopLine Value="1"/>
        <CursorPos X="52" Y="22"/>
        <UsageCount Value="44"/>
      </Unit58>
      <Unit59>
        <Filename Value="../../lcl/audorratest/main.pas"/>
        <UnitName Value="Main"/>
        <WindowIndex Value="0"/>
        <TopLine Value="1381"/>
        <CursorPos X="133" Y="1389"/>
        <UsageCount Value="15"/>
      </Unit59>
      <Unit60>
        <Filename Value="../packages/dglsdk/src/glBitmap.pas"/>
        <UnitName Value="glBitmap"/>
        <WindowIndex Value="0"/>
        <TopLine Value="4459"/>
        <CursorPos X="71" Y="4496"/>
        <UsageCount Value="10"/>
      </Unit60>
      <Unit61>
        <Filename Value="/usr/share/fpcsrc/packages/libpng/src/png.pp"/>
        <UnitName Value="png"/>
        <WindowIndex Value="0"/>
        <TopLine Value="586"/>
        <CursorPos X="10" Y="470"/>
        <UsageCount Value="10"/>
      </Unit61>
      <Unit62>
        <Filename Value="../packages/stwcore/stwautobalancedtree.pas"/>
        <UnitName Value="stwAutoBalancedTree"/>
        <WindowIndex Value="0"/>
        <TopLine Value="57"/>
        <CursorPos X="19" Y="66"/>
        <UsageCount Value="9"/>
      </Unit62>
      <Unit63>
        <Filename Value="../packages/stwcore/stwcore.pas"/>
        <UnitName Value="stwcore"/>
        <WindowIndex Value="0"/>
        <TopLine Value="1"/>
        <CursorPos X="27" Y="22"/>
        <UsageCount Value="9"/>
      </Unit63>
      <Unit64>
        <Filename Value="/usr/lib64/lazarus/packager/registration/lazaruspackageintf.pas"/>
        <UnitName Value="LazarusPackageIntf"/>
        <WindowIndex Value="0"/>
        <TopLine Value="1"/>
        <CursorPos X="1" Y="1"/>
        <UsageCount Value="9"/>
      </Unit64>
      <Unit65>
        <Filename Value="../packages/stwcore/stworderedqueue.pas"/>
        <UnitName Value="stwOrderedQueue"/>
        <WindowIndex Value="0"/>
        <TopLine Value="1"/>
        <CursorPos X="66" Y="43"/>
        <UsageCount Value="9"/>
      </Unit65>
      <Unit66>
        <Filename Value="/usr/share/fpcsrc/packages/sdl/src/sdl.pas"/>
        <UnitName Value="sdl"/>
        <EditorIndex Value="4"/>
        <WindowIndex Value="0"/>
        <TopLine Value="30"/>
        <CursorPos X="121" Y="70"/>
        <UsageCount Value="13"/>
        <Loaded Value="True"/>
      </Unit66>
    </Units>
    <JumpHistory Count="29" HistoryIndex="28">
      <Position1>
        <Filename Value="modules/terrain/terraingeometryshaded.pas"/>
        <Caret Line="409" Column="11" TopLine="385"/>
      </Position1>
      <Position2>
        <Filename Value="modules/terrain/terraingeometryshaded.pas"/>
        <Caret Line="59" Column="46" TopLine="16"/>
      </Position2>
      <Position3>
        <Filename Value="modules/terrain/terraingeometryshaded.pas"/>
        <Caret Line="57" Column="43" TopLine="31"/>
      </Position3>
      <Position4>
        <Filename Value="modules/core/corescene.pas"/>
        <Caret Line="169" Column="61" TopLine="136"/>
      </Position4>
      <Position5>
        <Filename Value="modules/terrain/terraingeometryshaded.pas"/>
        <Caret Line="199" Column="33" TopLine="171"/>
      </Position5>
      <Position6>
        <Filename Value="modules/terrain/terraingeometryshaded.pas"/>
        <Caret Line="178" Column="70" TopLine="156"/>
      </Position6>
      <Position7>
        <Filename Value="modules/terrain/terraingeometryshaded.pas"/>
        <Caret Line="196" Column="75" TopLine="166"/>
      </Position7>
      <Position8>
        <Filename Value="modules/terrain/terraingeometryshaded.pas"/>
        <Caret Line="203" Column="18" TopLine="161"/>
      </Position8>
      <Position9>
        <Filename Value="modules/core/corescene.pas"/>
        <Caret Line="331" Column="13" TopLine="303"/>
      </Position9>
      <Position10>
        <Filename Value="modules/terrain/terraingeometryshaded.pas"/>
        <Caret Line="57" Column="68" TopLine="29"/>
      </Position10>
      <Position11>
        <Filename Value="modules/terrain/terraingeometryshaded.pas"/>
        <Caret Line="161" Column="37" TopLine="161"/>
      </Position11>
      <Position12>
        <Filename Value="modules/terrain/terraingeometryshaded.pas"/>
        <Caret Line="205" Column="30" TopLine="161"/>
      </Position12>
      <Position13>
        <Filename Value="modules/core/corescene.pas"/>
        <Caret Line="331" Column="15" TopLine="303"/>
      </Position13>
      <Position14>
        <Filename Value="modules/terrain/terraingeometryshaded.pas"/>
        <Caret Line="205" Column="41" TopLine="161"/>
      </Position14>
      <Position15>
        <Filename Value="modules/terrain/terraingeometryshaded.pas"/>
        <Caret Line="17" Column="62" TopLine="1"/>
      </Position15>
      <Position16>
        <Filename Value="modules/core/corescene.pas"/>
        <Caret Line="331" Column="14" TopLine="309"/>
      </Position16>
      <Position17>
        <Filename Value="modules/terrain/terraingeometryshaded.pas"/>
        <Caret Line="64" Column="14" TopLine="31"/>
      </Position17>
      <Position18>
        <Filename Value="modules/terrain/terraingeometryshaded.pas"/>
        <Caret Line="251" Column="15" TopLine="239"/>
      </Position18>
      <Position19>
        <Filename Value="modules/core/corescene.pas"/>
        <Caret Line="281" Column="49" TopLine="264"/>
      </Position19>
      <Position20>
        <Filename Value="modules/core/corescene.pas"/>
        <Caret Line="283" Column="27" TopLine="264"/>
      </Position20>
      <Position21>
        <Filename Value="modules/terrain/terraingeometryshaded.pas"/>
        <Caret Line="161" Column="1" TopLine="133"/>
      </Position21>
      <Position22>
        <Filename Value="modules/core/corescene.pas"/>
        <Caret Line="287" Column="1" TopLine="264"/>
      </Position22>
      <Position23>
        <Filename Value="modules/ui/uigl.pas"/>
        <Caret Line="903" Column="1" TopLine="874"/>
      </Position23>
      <Position24>
        <Filename Value="modules/core/coreuibootstrap.pas"/>
        <Caret Line="253" Column="1" TopLine="245"/>
      </Position24>
      <Position25>
        <Filename Value="modules/core/corescene.pas"/>
        <Caret Line="276" Column="95" TopLine="264"/>
      </Position25>
      <Position26>
        <Filename Value="modules/terrain/terraingeometryshaded.pas"/>
        <Caret Line="150" Column="23" TopLine="118"/>
      </Position26>
      <Position27>
        <Filename Value="modules/terrain/terraingeometryshaded.pas"/>
        <Caret Line="162" Column="27" TopLine="118"/>
      </Position27>
      <Position28>
        <Filename Value="modules/terrain/terraingeometryshaded.pas"/>
        <Caret Line="165" Column="58" TopLine="118"/>
      </Position28>
      <Position29>
        <Filename Value="modules/terrain/terraingeometryshaded.pas"/>
        <Caret Line="150" Column="83" TopLine="140"/>
      </Position29>
    </JumpHistory>
  </ProjectOptions>
  <CompilerOptions>
    <Version Value="9"/>
    <Target>
      <Filename Value="tt3d"/>
    </Target>
    <SearchPaths>
      <IncludeFiles Value="includes"/>
      <OtherUnitFiles Value="modules/transport;modules/geometry;modules/io;modules/pathfinder;modules/gl;modules/core;modules/transport/geometry;modules/ui;modules/terrain;modules/terrain/sources;modules/gl/materials"/>
      <UnitOutputDirectory Value="lib/$(TargetCPU)-$(TargetOS)"/>
      <LCLWidgetType Value="gtk2"/>
    </SearchPaths>
    <Parsing>
      <SyntaxOptions>
        <CPPInline Value="False"/>
      </SyntaxOptions>
    </Parsing>
    <CodeGeneration>
      <TargetCPU Value="x86_64"/>
      <TargetOS Value="Linux"/>
    </CodeGeneration>
    <Linking>
      <Debugging>
        <UseValgrind Value="True"/>
      </Debugging>
    </Linking>
    <Other>
      <CompilerMessages>
        <UseMsgFile Value="True"/>
      </CompilerMessages>
      <CompilerPath Value="$(CompPath)"/>
    </Other>
  </CompilerOptions>
  <Debugging>
    <Watches Count="1">
      <Item1>
        <Expression Value="TVector4f"/>
        <Enabled Value="False"/>
      </Item1>
    </Watches>
    <Exceptions Count="3">
      <Item1>
        <Name Value="EAbort"/>
      </Item1>
      <Item2>
        <Name Value="ECodetoolError"/>
      </Item2>
      <Item3>
        <Name Value="EFOpenError"/>
      </Item3>
    </Exceptions>
  </Debugging>
</CONFIG>
