<?xml version="1.0"?>
<CONFIG>
  <ProjectOptions>
    <Version Value="7"/>
    <General>
      <Flags>
        <MainUnitHasCreateFormStatements Value="False"/>
        <MainUnitHasTitleStatement Value="False"/>
        <UseDefaultCompilerOptions Value="True"/>
      </Flags>
      <MainUnit Value="0"/>
      <TargetFileExt Value=""/>
      <ResourceType Value="res"/>
      <UseXPManifest Value="True"/>
      <Icon Value="0"/>
      <ActiveWindowIndexAtStart Value="0"/>
    </General>
    <i18n>
      <EnableI18N LFM="False"/>
    </i18n>
    <VersionInfo>
      <Language Value=""/>
      <CharSet Value=""/>
      <StringTable Comments="" CompanyName="" FileDescription="" FileVersion="" InternalName="" LegalCopyright="" LegalTrademarks="" OriginalFilename="" ProductName="" ProductVersion=""/>
    </VersionInfo>
    <PublishOptions>
      <Version Value="2"/>
      <IgnoreBinaries Value="False"/>
      <IncludeFileFilter Value="*.(pas|pp|inc|lfm|lpr|lrs|lpi|lpk|sh|xml)"/>
      <ExcludeFileFilter Value="*.(bak|ppu|ppw|o|so);*~;backup"/>
    </PublishOptions>
    <RunParams>
      <local>
        <FormatVersion Value="1"/>
      </local>
    </RunParams>
    <RequiredPackages Count="3">
      <Item1>
        <PackageName Value="gametoolsetpkg"/>
      </Item1>
      <Item2>
        <PackageName Value="stwcore"/>
      </Item2>
      <Item3>
        <PackageName Value="dglsdk"/>
      </Item3>
    </RequiredPackages>
    <Units Count="24">
      <Unit0>
        <Filename Value="tt3d.lpr"/>
        <IsPartOfProject Value="True"/>
        <UnitName Value="tt3d"/>
        <EditorIndex Value="0"/>
        <WindowIndex Value="0"/>
        <TopLine Value="82"/>
        <CursorPos X="41" Y="129"/>
        <UsageCount Value="37"/>
        <Loaded Value="True"/>
      </Unit0>
      <Unit1>
        <Filename Value="modules/transport/transportrail.pas"/>
        <IsPartOfProject Value="True"/>
        <UnitName Value="TransportRail"/>
        <IsVisibleTab Value="True"/>
        <EditorIndex Value="3"/>
        <WindowIndex Value="0"/>
        <TopLine Value="141"/>
        <CursorPos X="18" Y="206"/>
        <UsageCount Value="37"/>
        <Loaded Value="True"/>
      </Unit1>
      <Unit2>
        <Filename Value="modules/geometry/geometry.pas"/>
        <IsPartOfProject Value="True"/>
        <UnitName Value="Geometry"/>
        <EditorIndex Value="1"/>
        <WindowIndex Value="0"/>
        <TopLine Value="371"/>
        <CursorPos X="19" Y="391"/>
        <UsageCount Value="37"/>
        <Loaded Value="True"/>
      </Unit2>
      <Unit3>
        <Filename Value="/usr/share/fpcsrc/rtl/inc/matrix.pp"/>
        <UnitName Value="matrix"/>
        <WindowIndex Value="0"/>
        <TopLine Value="1"/>
        <CursorPos X="18" Y="352"/>
        <UsageCount Value="8"/>
      </Unit3>
      <Unit4>
        <Filename Value="/usr/share/fpcsrc/rtl/inc/mvecimp.inc"/>
        <WindowIndex Value="0"/>
        <TopLine Value="1"/>
        <CursorPos X="5" Y="222"/>
        <UsageCount Value="8"/>
      </Unit4>
      <Unit5>
        <Filename Value="modules/transport/transportgeometry.pas"/>
        <IsPartOfProject Value="True"/>
        <UnitName Value="TransportGeometry"/>
        <WindowIndex Value="0"/>
        <TopLine Value="1"/>
        <CursorPos X="23" Y="22"/>
        <UsageCount Value="35"/>
      </Unit5>
      <Unit6>
        <Filename Value="modules/io/messageloop.pas"/>
        <IsPartOfProject Value="True"/>
        <UnitName Value="MessageLoop"/>
        <WindowIndex Value="0"/>
        <TopLine Value="1"/>
        <CursorPos X="19" Y="139"/>
        <UsageCount Value="35"/>
      </Unit6>
      <Unit7>
        <Filename Value="modules/io/messageloopsdl.pas"/>
        <UnitName Value="MessageLoopSDL"/>
        <WindowIndex Value="0"/>
        <TopLine Value="1"/>
        <CursorPos X="9" Y="32"/>
        <UsageCount Value="18"/>
      </Unit7>
      <Unit8>
        <Filename Value="includes/config.inc"/>
        <IsPartOfProject Value="True"/>
        <WindowIndex Value="0"/>
        <TopLine Value="1"/>
        <CursorPos X="18" Y="1"/>
        <UsageCount Value="35"/>
      </Unit8>
      <Unit9>
        <Filename Value="../packages/dglsdk/src/sdl.pas"/>
        <UnitName Value="sdl"/>
        <WindowIndex Value="0"/>
        <TopLine Value="532"/>
        <CursorPos X="10" Y="2885"/>
        <UsageCount Value="12"/>
      </Unit9>
      <Unit10>
        <Filename Value="/usr/share/fpcsrc/packages/fcl-base/src/contnrs.pp"/>
        <UnitName Value="contnrs"/>
        <WindowIndex Value="0"/>
        <TopLine Value="397"/>
        <CursorPos X="104" Y="381"/>
        <UsageCount Value="12"/>
      </Unit10>
      <Unit11>
        <Filename Value="modules/pathfinder/pathfinderrail.pas"/>
        <IsPartOfProject Value="True"/>
        <UnitName Value="PathfinderRail"/>
        <WindowIndex Value="0"/>
        <TopLine Value="1"/>
        <CursorPos X="69" Y="81"/>
        <UsageCount Value="34"/>
      </Unit11>
      <Unit12>
        <Filename Value="modules/pathfinder/pathfinderbase.pas"/>
        <IsPartOfProject Value="True"/>
        <UnitName Value="PathfinderBase"/>
        <WindowIndex Value="0"/>
        <TopLine Value="34"/>
        <CursorPos X="12" Y="68"/>
        <UsageCount Value="34"/>
      </Unit12>
      <Unit13>
        <Filename Value="../packages/stwcore/stworderedqueue.pas"/>
        <UnitName Value="stwOrderedQueue"/>
        <WindowIndex Value="0"/>
        <TopLine Value="46"/>
        <CursorPos X="94" Y="82"/>
        <UsageCount Value="12"/>
      </Unit13>
      <Unit14>
        <Filename Value="../something/gfxmanager.pas"/>
        <UnitName Value="gfxManager"/>
        <WindowIndex Value="0"/>
        <TopLine Value="1"/>
        <CursorPos X="1" Y="1"/>
        <UsageCount Value="9"/>
      </Unit14>
      <Unit15>
        <Filename Value="../something/gfxmanager_opengl2vbo.pas"/>
        <UnitName Value="gfxManager_OpenGL2VBO"/>
        <WindowIndex Value="0"/>
        <TopLine Value="84"/>
        <CursorPos X="44" Y="95"/>
        <UsageCount Value="9"/>
      </Unit15>
      <Unit16>
        <Filename Value="../something/gfxmanager_abstract.pas"/>
        <UnitName Value="gfxManager_Abstract"/>
        <WindowIndex Value="0"/>
        <TopLine Value="46"/>
        <CursorPos X="39" Y="57"/>
        <UsageCount Value="9"/>
      </Unit16>
      <Unit17>
        <Filename Value="../something/gfxmanager_opengl2.pas"/>
        <UnitName Value="gfxManager_OpenGL2"/>
        <WindowIndex Value="0"/>
        <TopLine Value="1"/>
        <CursorPos X="1" Y="1"/>
        <UsageCount Value="9"/>
      </Unit17>
      <Unit18>
        <Filename Value="modules/gl/glgeometrymanager.pas"/>
        <UnitName Value="GLGeometryManager"/>
        <WindowIndex Value="0"/>
        <TopLine Value="56"/>
        <CursorPos X="68" Y="39"/>
        <UsageCount Value="19"/>
      </Unit18>
      <Unit19>
        <Filename Value="modules/gl/glgeometrymanagerbase.pas"/>
        <UnitName Value="GLGeometryManagerBase"/>
        <WindowIndex Value="0"/>
        <TopLine Value="1"/>
        <CursorPos X="44" Y="9"/>
        <UsageCount Value="19"/>
      </Unit19>
      <Unit20>
        <Filename Value="modules/gl/glgeometrymanagerimmediate.pas"/>
        <UnitName Value="GLGeometryManagerImmediate"/>
        <WindowIndex Value="0"/>
        <TopLine Value="41"/>
        <CursorPos X="1" Y="1"/>
        <UsageCount Value="19"/>
      </Unit20>
      <Unit21>
        <Filename Value="modules/gl/glgeometrymanagervbo.pas"/>
        <UnitName Value="GLGeometryManagerVBO"/>
        <WindowIndex Value="0"/>
        <TopLine Value="1"/>
        <CursorPos X="1" Y="1"/>
        <UsageCount Value="19"/>
      </Unit21>
      <Unit22>
        <Filename Value="modules/gl/glgeometry.pas"/>
        <IsPartOfProject Value="True"/>
        <UnitName Value="GLGeometry"/>
        <EditorIndex Value="2"/>
        <WindowIndex Value="0"/>
        <TopLine Value="61"/>
        <CursorPos X="3" Y="83"/>
        <UsageCount Value="28"/>
        <Loaded Value="True"/>
      </Unit22>
      <Unit23>
        <Filename Value="../packages/stwcore/stwautobalancedtree.pas"/>
        <UnitName Value="stwAutoBalancedTree"/>
        <WindowIndex Value="0"/>
        <TopLine Value="267"/>
        <CursorPos X="58" Y="310"/>
        <UsageCount Value="9"/>
      </Unit23>
    </Units>
    <JumpHistory Count="30" HistoryIndex="29">
      <Position1>
        <Filename Value="modules/geometry/geometry.pas"/>
        <Caret Line="21" Column="11" TopLine="1"/>
      </Position1>
      <Position2>
        <Filename Value="modules/geometry/geometry.pas"/>
        <Caret Line="23" Column="11" TopLine="1"/>
      </Position2>
      <Position3>
        <Filename Value="modules/geometry/geometry.pas"/>
        <Caret Line="24" Column="11" TopLine="1"/>
      </Position3>
      <Position4>
        <Filename Value="modules/geometry/geometry.pas"/>
        <Caret Line="30" Column="11" TopLine="1"/>
      </Position4>
      <Position5>
        <Filename Value="modules/geometry/geometry.pas"/>
        <Caret Line="31" Column="11" TopLine="2"/>
      </Position5>
      <Position6>
        <Filename Value="modules/geometry/geometry.pas"/>
        <Caret Line="32" Column="13" TopLine="3"/>
      </Position6>
      <Position7>
        <Filename Value="modules/geometry/geometry.pas"/>
        <Caret Line="34" Column="13" TopLine="4"/>
      </Position7>
      <Position8>
        <Filename Value="modules/geometry/geometry.pas"/>
        <Caret Line="35" Column="17" TopLine="6"/>
      </Position8>
      <Position9>
        <Filename Value="modules/geometry/geometry.pas"/>
        <Caret Line="36" Column="10" TopLine="7"/>
      </Position9>
      <Position10>
        <Filename Value="modules/geometry/geometry.pas"/>
        <Caret Line="43" Column="11" TopLine="8"/>
      </Position10>
      <Position11>
        <Filename Value="modules/geometry/geometry.pas"/>
        <Caret Line="44" Column="11" TopLine="15"/>
      </Position11>
      <Position12>
        <Filename Value="modules/geometry/geometry.pas"/>
        <Caret Line="45" Column="13" TopLine="16"/>
      </Position12>
      <Position13>
        <Filename Value="modules/geometry/geometry.pas"/>
        <Caret Line="73" Column="36" TopLine="46"/>
      </Position13>
      <Position14>
        <Filename Value="modules/geometry/geometry.pas"/>
        <Caret Line="75" Column="37" TopLine="45"/>
      </Position14>
      <Position15>
        <Filename Value="modules/geometry/geometry.pas"/>
        <Caret Line="73" Column="10" TopLine="47"/>
      </Position15>
      <Position16>
        <Filename Value="modules/geometry/geometry.pas"/>
        <Caret Line="11" Column="23" TopLine="1"/>
      </Position16>
      <Position17>
        <Filename Value="modules/geometry/geometry.pas"/>
        <Caret Line="57" Column="36" TopLine="31"/>
      </Position17>
      <Position18>
        <Filename Value="modules/geometry/geometry.pas"/>
        <Caret Line="58" Column="24" TopLine="29"/>
      </Position18>
      <Position19>
        <Filename Value="modules/geometry/geometry.pas"/>
        <Caret Line="8" Column="25" TopLine="1"/>
      </Position19>
      <Position20>
        <Filename Value="modules/geometry/geometry.pas"/>
        <Caret Line="92" Column="86" TopLine="46"/>
      </Position20>
      <Position21>
        <Filename Value="modules/geometry/geometry.pas"/>
        <Caret Line="71" Column="58" TopLine="43"/>
      </Position21>
      <Position22>
        <Filename Value="modules/geometry/geometry.pas"/>
        <Caret Line="201" Column="35" TopLine="168"/>
      </Position22>
      <Position23>
        <Filename Value="modules/geometry/geometry.pas"/>
        <Caret Line="8" Column="26" TopLine="293"/>
      </Position23>
      <Position24>
        <Filename Value="tt3d.lpr"/>
        <Caret Line="125" Column="41" TopLine="77"/>
      </Position24>
      <Position25>
        <Filename Value="tt3d.lpr"/>
        <Caret Line="121" Column="6" TopLine="78"/>
      </Position25>
      <Position26>
        <Filename Value="modules/geometry/geometry.pas"/>
        <Caret Line="72" Column="55" TopLine="50"/>
      </Position26>
      <Position27>
        <Filename Value="modules/geometry/geometry.pas"/>
        <Caret Line="97" Column="39" TopLine="59"/>
      </Position27>
      <Position28>
        <Filename Value="modules/geometry/geometry.pas"/>
        <Caret Line="74" Column="10" TopLine="69"/>
      </Position28>
      <Position29>
        <Filename Value="modules/geometry/geometry.pas"/>
        <Caret Line="290" Column="50" TopLine="256"/>
      </Position29>
      <Position30>
        <Filename Value="modules/geometry/geometry.pas"/>
        <Caret Line="100" Column="82" TopLine="54"/>
      </Position30>
    </JumpHistory>
  </ProjectOptions>
  <CompilerOptions>
    <Version Value="9"/>
    <Target>
      <Filename Value="tt3d"/>
    </Target>
    <SearchPaths>
      <IncludeFiles Value="includes/"/>
      <OtherUnitFiles Value="modules/transport/;modules/geometry/;modules/io/;modules/pathfinder/;modules/gl/"/>
      <UnitOutputDirectory Value="lib/$(TargetCPU)-$(TargetOS)"/>
    </SearchPaths>
    <Other>
      <CompilerMessages>
        <UseMsgFile Value="True"/>
      </CompilerMessages>
      <CompilerPath Value="$(CompPath)"/>
    </Other>
  </CompilerOptions>
  <Debugging>
    <Watches Count="1">
      <Item1>
        <Expression Value="TVector4f"/>
        <Enabled Value="False"/>
      </Item1>
    </Watches>
    <Exceptions Count="3">
      <Item1>
        <Name Value="EAbort"/>
      </Item1>
      <Item2>
        <Name Value="ECodetoolError"/>
      </Item2>
      <Item3>
        <Name Value="EFOpenError"/>
      </Item3>
    </Exceptions>
  </Debugging>
</CONFIG>
